// !$*UTF8*$!
{
	archiveVersion = 1;
	classes = {
	};
	objectVersion = 46;
	objects = {

/* Begin PBXBuildFile section */
		BE0521731942A6AE00BDC1E5 /* Foundation.framework in Frameworks */ = {isa = PBXBuildFile; fileRef = BE0521721942A6AE00BDC1E5 /* Foundation.framework */; };
		BE0521751942A6AE00BDC1E5 /* CoreGraphics.framework in Frameworks */ = {isa = PBXBuildFile; fileRef = BE0521741942A6AE00BDC1E5 /* CoreGraphics.framework */; };
		BE0521771942A6AE00BDC1E5 /* UIKit.framework in Frameworks */ = {isa = PBXBuildFile; fileRef = BE0521761942A6AE00BDC1E5 /* UIKit.framework */; };
		BE05217D1942A6AE00BDC1E5 /* InfoPlist.strings in Resources */ = {isa = PBXBuildFile; fileRef = BE05217B1942A6AE00BDC1E5 /* InfoPlist.strings */; };
		BE05217F1942A6AE00BDC1E5 /* main.m in Sources */ = {isa = PBXBuildFile; fileRef = BE05217E1942A6AE00BDC1E5 /* main.m */; };
		BE0521831942A6AE00BDC1E5 /* com_chaneyAppDelegate.m in Sources */ = {isa = PBXBuildFile; fileRef = BE0521821942A6AE00BDC1E5 /* com_chaneyAppDelegate.m */; };
		BE0521861942A6AE00BDC1E5 /* Main_iPhone.storyboard in Resources */ = {isa = PBXBuildFile; fileRef = BE0521841942A6AE00BDC1E5 /* Main_iPhone.storyboard */; };
		BE0521891942A6AE00BDC1E5 /* Main_iPad.storyboard in Resources */ = {isa = PBXBuildFile; fileRef = BE0521871942A6AE00BDC1E5 /* Main_iPad.storyboard */; };
		BE05218C1942A6AE00BDC1E5 /* com_chaneyFirstViewController.m in Sources */ = {isa = PBXBuildFile; fileRef = BE05218B1942A6AE00BDC1E5 /* com_chaneyFirstViewController.m */; };
		BE05218F1942A6AE00BDC1E5 /* com_chaneySecondViewController.m in Sources */ = {isa = PBXBuildFile; fileRef = BE05218E1942A6AE00BDC1E5 /* com_chaneySecondViewController.m */; };
		BE0521911942A6AE00BDC1E5 /* Images.xcassets in Resources */ = {isa = PBXBuildFile; fileRef = BE0521901942A6AE00BDC1E5 /* Images.xcassets */; };
		BE0521981942A6AE00BDC1E5 /* XCTest.framework in Frameworks */ = {isa = PBXBuildFile; fileRef = BE0521971942A6AE00BDC1E5 /* XCTest.framework */; };
		BE0521991942A6AE00BDC1E5 /* Foundation.framework in Frameworks */ = {isa = PBXBuildFile; fileRef = BE0521721942A6AE00BDC1E5 /* Foundation.framework */; };
		BE05219A1942A6AE00BDC1E5 /* UIKit.framework in Frameworks */ = {isa = PBXBuildFile; fileRef = BE0521761942A6AE00BDC1E5 /* UIKit.framework */; };
		BE0521A21942A6AE00BDC1E5 /* InfoPlist.strings in Resources */ = {isa = PBXBuildFile; fileRef = BE0521A01942A6AE00BDC1E5 /* InfoPlist.strings */; };
		BE0521A41942A6AE00BDC1E5 /* SampleTabTests.m in Sources */ = {isa = PBXBuildFile; fileRef = BE0521A31942A6AE00BDC1E5 /* SampleTabTests.m */; };
/* End PBXBuildFile section */

/* Begin PBXContainerItemProxy section */
		BE05219B1942A6AE00BDC1E5 /* PBXContainerItemProxy */ = {
			isa = PBXContainerItemProxy;
			containerPortal = BE0521671942A6AE00BDC1E5 /* Project object */;
			proxyType = 1;
			remoteGlobalIDString = BE05216E1942A6AE00BDC1E5;
			remoteInfo = SampleTab;
		};
/* End PBXContainerItemProxy section */

/* Begin PBXFileReference section */
		BE05216F1942A6AE00BDC1E5 /* SampleTab.app */ = {isa = PBXFileReference; explicitFileType = wrapper.application; includeInIndex = 0; path = SampleTab.app; sourceTree = BUILT_PRODUCTS_DIR; };
		BE0521721942A6AE00BDC1E5 /* Foundation.framework */ = {isa = PBXFileReference; lastKnownFileType = wrapper.framework; name = Foundation.framework; path = System/Library/Frameworks/Foundation.framework; sourceTree = SDKROOT; };
		BE0521741942A6AE00BDC1E5 /* CoreGraphics.framework */ = {isa = PBXFileReference; lastKnownFileType = wrapper.framework; name = CoreGraphics.framework; path = System/Library/Frameworks/CoreGraphics.framework; sourceTree = SDKROOT; };
		BE0521761942A6AE00BDC1E5 /* UIKit.framework */ = {isa = PBXFileReference; lastKnownFileType = wrapper.framework; name = UIKit.framework; path = System/Library/Frameworks/UIKit.framework; sourceTree = SDKROOT; };
		BE05217A1942A6AE00BDC1E5 /* SampleTab-Info.plist */ = {isa = PBXFileReference; lastKnownFileType = text.plist.xml; path = "SampleTab-Info.plist"; sourceTree = "<group>"; };
		BE05217C1942A6AE00BDC1E5 /* en */ = {isa = PBXFileReference; lastKnownFileType = text.plist.strings; name = en; path = en.lproj/InfoPlist.strings; sourceTree = "<group>"; };
		BE05217E1942A6AE00BDC1E5 /* main.m */ = {isa = PBXFileReference; lastKnownFileType = sourcecode.c.objc; path = main.m; sourceTree = "<group>"; };
		BE0521801942A6AE00BDC1E5 /* SampleTab-Prefix.pch */ = {isa = PBXFileReference; lastKnownFileType = sourcecode.c.h; path = "SampleTab-Prefix.pch"; sourceTree = "<group>"; };
		BE0521811942A6AE00BDC1E5 /* com_chaneyAppDelegate.h */ = {isa = PBXFileReference; lastKnownFileType = sourcecode.c.h; path = com_chaneyAppDelegate.h; sourceTree = "<group>"; };
		BE0521821942A6AE00BDC1E5 /* com_chaneyAppDelegate.m */ = {isa = PBXFileReference; lastKnownFileType = sourcecode.c.objc; path = com_chaneyAppDelegate.m; sourceTree = "<group>"; };
		BE0521851942A6AE00BDC1E5 /* Base */ = {isa = PBXFileReference; lastKnownFileType = file.storyboard; name = Base; path = Base.lproj/Main_iPhone.storyboard; sourceTree = "<group>"; };
		BE0521881942A6AE00BDC1E5 /* Base */ = {isa = PBXFileReference; lastKnownFileType = file.storyboard; name = Base; path = Base.lproj/Main_iPad.storyboard; sourceTree = "<group>"; };
		BE05218A1942A6AE00BDC1E5 /* com_chaneyFirstViewController.h */ = {isa = PBXFileReference; lastKnownFileType = sourcecode.c.h; path = com_chaneyFirstViewController.h; sourceTree = "<group>"; };
		BE05218B1942A6AE00BDC1E5 /* com_chaneyFirstViewController.m */ = {isa = PBXFileReference; lastKnownFileType = sourcecode.c.objc; path = com_chaneyFirstViewController.m; sourceTree = "<group>"; };
		BE05218D1942A6AE00BDC1E5 /* com_chaneySecondViewController.h */ = {isa = PBXFileReference; lastKnownFileType = sourcecode.c.h; path = com_chaneySecondViewController.h; sourceTree = "<group>"; };
		BE05218E1942A6AE00BDC1E5 /* com_chaneySecondViewController.m */ = {isa = PBXFileReference; lastKnownFileType = sourcecode.c.objc; path = com_chaneySecondViewController.m; sourceTree = "<group>"; };
		BE0521901942A6AE00BDC1E5 /* Images.xcassets */ = {isa = PBXFileReference; lastKnownFileType = folder.assetcatalog; path = Images.xcassets; sourceTree = "<group>"; };
		BE0521961942A6AE00BDC1E5 /* SampleTabTests.xctest */ = {isa = PBXFileReference; explicitFileType = wrapper.cfbundle; includeInIndex = 0; path = SampleTabTests.xctest; sourceTree = BUILT_PRODUCTS_DIR; };
		BE0521971942A6AE00BDC1E5 /* XCTest.framework */ = {isa = PBXFileReference; lastKnownFileType = wrapper.framework; name = XCTest.framework; path = Library/Frameworks/XCTest.framework; sourceTree = DEVELOPER_DIR; };
		BE05219F1942A6AE00BDC1E5 /* SampleTabTests-Info.plist */ = {isa = PBXFileReference; lastKnownFileType = text.plist.xml; path = "SampleTabTests-Info.plist"; sourceTree = "<group>"; };
		BE0521A11942A6AE00BDC1E5 /* en */ = {isa = PBXFileReference; lastKnownFileType = text.plist.strings; name = en; path = en.lproj/InfoPlist.strings; sourceTree = "<group>"; };
		BE0521A31942A6AE00BDC1E5 /* SampleTabTests.m */ = {isa = PBXFileReference; lastKnownFileType = sourcecode.c.objc; path = SampleTabTests.m; sourceTree = "<group>"; };
/* End PBXFileReference section */

/* Begin PBXFrameworksBuildPhase section */
		BE05216C1942A6AE00BDC1E5 /* Frameworks */ = {
			isa = PBXFrameworksBuildPhase;
			buildActionMask = 2147483647;
			files = (
				BE0521751942A6AE00BDC1E5 /* CoreGraphics.framework in Frameworks */,
				BE0521771942A6AE00BDC1E5 /* UIKit.framework in Frameworks */,
				BE0521731942A6AE00BDC1E5 /* Foundation.framework in Frameworks */,
			);
			runOnlyForDeploymentPostprocessing = 0;
		};
		BE0521931942A6AE00BDC1E5 /* Frameworks */ = {
			isa = PBXFrameworksBuildPhase;
			buildActionMask = 2147483647;
			files = (
				BE0521981942A6AE00BDC1E5 /* XCTest.framework in Frameworks */,
				BE05219A1942A6AE00BDC1E5 /* UIKit.framework in Frameworks */,
				BE0521991942A6AE00BDC1E5 /* Foundation.framework in Frameworks */,
			);
			runOnlyForDeploymentPostprocessing = 0;
		};
/* End PBXFrameworksBuildPhase section */

/* Begin PBXGroup section */
		BE0521661942A6AE00BDC1E5 = {
			isa = PBXGroup;
			children = (
				BE0521781942A6AE00BDC1E5 /* SampleTab */,
				BE05219D1942A6AE00BDC1E5 /* SampleTabTests */,
				BE0521711942A6AE00BDC1E5 /* Frameworks */,
				BE0521701942A6AE00BDC1E5 /* Products */,
			);
			sourceTree = "<group>";
		};
		BE0521701942A6AE00BDC1E5 /* Products */ = {
			isa = PBXGroup;
			children = (
				BE05216F1942A6AE00BDC1E5 /* SampleTab.app */,
				BE0521961942A6AE00BDC1E5 /* SampleTabTests.xctest */,
			);
			name = Products;
			sourceTree = "<group>";
		};
		BE0521711942A6AE00BDC1E5 /* Frameworks */ = {
			isa = PBXGroup;
			children = (
				BE0521721942A6AE00BDC1E5 /* Foundation.framework */,
				BE0521741942A6AE00BDC1E5 /* CoreGraphics.framework */,
				BE0521761942A6AE00BDC1E5 /* UIKit.framework */,
				BE0521971942A6AE00BDC1E5 /* XCTest.framework */,
			);
			name = Frameworks;
			sourceTree = "<group>";
		};
		BE0521781942A6AE00BDC1E5 /* SampleTab */ = {
			isa = PBXGroup;
			children = (
				BE0521811942A6AE00BDC1E5 /* com_chaneyAppDelegate.h */,
				BE0521821942A6AE00BDC1E5 /* com_chaneyAppDelegate.m */,
				BE0521841942A6AE00BDC1E5 /* Main_iPhone.storyboard */,
				BE0521871942A6AE00BDC1E5 /* Main_iPad.storyboard */,
				BE05218A1942A6AE00BDC1E5 /* com_chaneyFirstViewController.h */,
				BE05218B1942A6AE00BDC1E5 /* com_chaneyFirstViewController.m */,
				BE05218D1942A6AE00BDC1E5 /* com_chaneySecondViewController.h */,
				BE05218E1942A6AE00BDC1E5 /* com_chaneySecondViewController.m */,
				BE0521901942A6AE00BDC1E5 /* Images.xcassets */,
				BE0521791942A6AE00BDC1E5 /* Supporting Files */,
			);
			path = SampleTab;
			sourceTree = "<group>";
		};
		BE0521791942A6AE00BDC1E5 /* Supporting Files */ = {
			isa = PBXGroup;
			children = (
				BE05217A1942A6AE00BDC1E5 /* SampleTab-Info.plist */,
				BE05217B1942A6AE00BDC1E5 /* InfoPlist.strings */,
				BE05217E1942A6AE00BDC1E5 /* main.m */,
				BE0521801942A6AE00BDC1E5 /* SampleTab-Prefix.pch */,
			);
			name = "Supporting Files";
			sourceTree = "<group>";
		};
		BE05219D1942A6AE00BDC1E5 /* SampleTabTests */ = {
			isa = PBXGroup;
			children = (
				BE0521A31942A6AE00BDC1E5 /* SampleTabTests.m */,
				BE05219E1942A6AE00BDC1E5 /* Supporting Files */,
			);
			path = SampleTabTests;
			sourceTree = "<group>";
		};
		BE05219E1942A6AE00BDC1E5 /* Supporting Files */ = {
			isa = PBXGroup;
			children = (
				BE05219F1942A6AE00BDC1E5 /* SampleTabTests-Info.plist */,
				BE0521A01942A6AE00BDC1E5 /* InfoPlist.strings */,
			);
			name = "Supporting Files";
			sourceTree = "<group>";
		};
/* End PBXGroup section */

/* Begin PBXNativeTarget section */
		BE05216E1942A6AE00BDC1E5 /* SampleTab */ = {
			isa = PBXNativeTarget;
			buildConfigurationList = BE0521A71942A6AE00BDC1E5 /* Build configuration list for PBXNativeTarget "SampleTab" */;
			buildPhases = (
				BE05216B1942A6AE00BDC1E5 /* Sources */,
				BE05216C1942A6AE00BDC1E5 /* Frameworks */,
				BE05216D1942A6AE00BDC1E5 /* Resources */,
			);
			buildRules = (
			);
			dependencies = (
			);
			name = SampleTab;
			productName = SampleTab;
			productReference = BE05216F1942A6AE00BDC1E5 /* SampleTab.app */;
			productType = "com.apple.product-type.application";
		};
		BE0521951942A6AE00BDC1E5 /* SampleTabTests */ = {
			isa = PBXNativeTarget;
			buildConfigurationList = BE0521AA1942A6AE00BDC1E5 /* Build configuration list for PBXNativeTarget "SampleTabTests" */;
			buildPhases = (
				BE0521921942A6AE00BDC1E5 /* Sources */,
				BE0521931942A6AE00BDC1E5 /* Frameworks */,
				BE0521941942A6AE00BDC1E5 /* Resources */,
			);
			buildRules = (
			);
			dependencies = (
				BE05219C1942A6AE00BDC1E5 /* PBXTargetDependency */,
			);
			name = SampleTabTests;
			productName = SampleTabTests;
			productReference = BE0521961942A6AE00BDC1E5 /* SampleTabTests.xctest */;
			productType = "com.apple.product-type.bundle.unit-test";
		};
/* End PBXNativeTarget section */

/* Begin PBXProject section */
		BE0521671942A6AE00BDC1E5 /* Project object */ = {
			isa = PBXProject;
			attributes = {
				CLASSPREFIX = com.chaney;
				LastUpgradeCheck = 0510;
				ORGANIZATIONNAME = "Jason Chaney";
				TargetAttributes = {
					BE0521951942A6AE00BDC1E5 = {
						TestTargetID = BE05216E1942A6AE00BDC1E5;
					};
				};
			};
			buildConfigurationList = BE05216A1942A6AE00BDC1E5 /* Build configuration list for PBXProject "SampleTab" */;
			compatibilityVersion = "Xcode 3.2";
			developmentRegion = English;
			hasScannedForEncodings = 0;
			knownRegions = (
				en,
				Base,
			);
			mainGroup = BE0521661942A6AE00BDC1E5;
			productRefGroup = BE0521701942A6AE00BDC1E5 /* Products */;
			projectDirPath = "";
			projectRoot = "";
			targets = (
				BE05216E1942A6AE00BDC1E5 /* SampleTab */,
				BE0521951942A6AE00BDC1E5 /* SampleTabTests */,
			);
		};
/* End PBXProject section */

/* Begin PBXResourcesBuildPhase section */
		BE05216D1942A6AE00BDC1E5 /* Resources */ = {
			isa = PBXResourcesBuildPhase;
			buildActionMask = 2147483647;
			files = (
				BE0521891942A6AE00BDC1E5 /* Main_iPad.storyboard in Resources */,
				BE0521911942A6AE00BDC1E5 /* Images.xcassets in Resources */,
				BE0521861942A6AE00BDC1E5 /* Main_iPhone.storyboard in Resources */,
				BE05217D1942A6AE00BDC1E5 /* InfoPlist.strings in Resources */,
			);
			runOnlyForDeploymentPostprocessing = 0;
		};
		BE0521941942A6AE00BDC1E5 /* Resources */ = {
			isa = PBXResourcesBuildPhase;
			buildActionMask = 2147483647;
			files = (
				BE0521A21942A6AE00BDC1E5 /* InfoPlist.strings in Resources */,
			);
			runOnlyForDeploymentPostprocessing = 0;
		};
/* End PBXResourcesBuildPhase section */

/* Begin PBXSourcesBuildPhase section */
		BE05216B1942A6AE00BDC1E5 /* Sources */ = {
			isa = PBXSourcesBuildPhase;
			buildActionMask = 2147483647;
			files = (
				BE05218F1942A6AE00BDC1E5 /* com_chaneySecondViewController.m in Sources */,
				BE0521831942A6AE00BDC1E5 /* com_chaneyAppDelegate.m in Sources */,
				BE05217F1942A6AE00BDC1E5 /* main.m in Sources */,
				BE05218C1942A6AE00BDC1E5 /* com_chaneyFirstViewController.m in Sources */,
			);
			runOnlyForDeploymentPostprocessing = 0;
		};
		BE0521921942A6AE00BDC1E5 /* Sources */ = {
			isa = PBXSourcesBuildPhase;
			buildActionMask = 2147483647;
			files = (
				BE0521A41942A6AE00BDC1E5 /* SampleTabTests.m in Sources */,
			);
			runOnlyForDeploymentPostprocessing = 0;
		};
/* End PBXSourcesBuildPhase section */

/* Begin PBXTargetDependency section */
		BE05219C1942A6AE00BDC1E5 /* PBXTargetDependency */ = {
			isa = PBXTargetDependency;
			target = BE05216E1942A6AE00BDC1E5 /* SampleTab */;
			targetProxy = BE05219B1942A6AE00BDC1E5 /* PBXContainerItemProxy */;
		};
/* End PBXTargetDependency section */

/* Begin PBXVariantGroup section */
		BE05217B1942A6AE00BDC1E5 /* InfoPlist.strings */ = {
			isa = PBXVariantGroup;
			children = (
				BE05217C1942A6AE00BDC1E5 /* en */,
			);
			name = InfoPlist.strings;
			sourceTree = "<group>";
		};
		BE0521841942A6AE00BDC1E5 /* Main_iPhone.storyboard */ = {
			isa = PBXVariantGroup;
			children = (
				BE0521851942A6AE00BDC1E5 /* Base */,
			);
			name = Main_iPhone.storyboard;
			sourceTree = "<group>";
		};
		BE0521871942A6AE00BDC1E5 /* Main_iPad.storyboard */ = {
			isa = PBXVariantGroup;
			children = (
				BE0521881942A6AE00BDC1E5 /* Base */,
			);
			name = Main_iPad.storyboard;
			sourceTree = "<group>";
		};
		BE0521A01942A6AE00BDC1E5 /* InfoPlist.strings */ = {
			isa = PBXVariantGroup;
			children = (
				BE0521A11942A6AE00BDC1E5 /* en */,
			);
			name = InfoPlist.strings;
			sourceTree = "<group>";
		};
/* End PBXVariantGroup section */

/* Begin XCBuildConfiguration section */
		BE0521A51942A6AE00BDC1E5 /* Debug */ = {
			isa = XCBuildConfiguration;
			buildSettings = {
				ALWAYS_SEARCH_USER_PATHS = NO;
				CLANG_CXX_LANGUAGE_STANDARD = "gnu++0x";
				CLANG_CXX_LIBRARY = "libc++";
				CLANG_ENABLE_MODULES = YES;
				CLANG_ENABLE_OBJC_ARC = YES;
				CLANG_WARN_BOOL_CONVERSION = YES;
				CLANG_WARN_CONSTANT_CONVERSION = YES;
				CLANG_WARN_DIRECT_OBJC_ISA_USAGE = YES_ERROR;
				CLANG_WARN_EMPTY_BODY = YES;
				CLANG_WARN_ENUM_CONVERSION = YES;
				CLANG_WARN_INT_CONVERSION = YES;
				CLANG_WARN_OBJC_ROOT_CLASS = YES_ERROR;
				CLANG_WARN__DUPLICATE_METHOD_MATCH = YES;
				"CODE_SIGN_IDENTITY[sdk=iphoneos*]" = "iPhone Developer";
				COPY_PHASE_STRIP = NO;
				GCC_C_LANGUAGE_STANDARD = gnu99;
				GCC_DYNAMIC_NO_PIC = NO;
				GCC_OPTIMIZATION_LEVEL = 0;
				GCC_PREPROCESSOR_DEFINITIONS = (
					"DEBUG=1",
					"$(inherited)",
				);
				GCC_SYMBOLS_PRIVATE_EXTERN = NO;
				GCC_WARN_64_TO_32_BIT_CONVERSION = YES;
				GCC_WARN_ABOUT_RETURN_TYPE = YES_ERROR;
				GCC_WARN_UNDECLARED_SELECTOR = YES;
				GCC_WARN_UNINITIALIZED_AUTOS = YES_AGGRESSIVE;
				GCC_WARN_UNUSED_FUNCTION = YES;
				GCC_WARN_UNUSED_VARIABLE = YES;
				IPHONEOS_DEPLOYMENT_TARGET = 7.1;
				ONLY_ACTIVE_ARCH = YES;
				SDKROOT = iphoneos;
				TARGETED_DEVICE_FAMILY = "1,2";
			};
			name = Debug;
		};
		BE0521A61942A6AE00BDC1E5 /* Release */ = {
			isa = XCBuildConfiguration;
			buildSettings = {
				ALWAYS_SEARCH_USER_PATHS = NO;
				CLANG_CXX_LANGUAGE_STANDARD = "gnu++0x";
				CLANG_CXX_LIBRARY = "libc++";
				CLANG_ENABLE_MODULES = YES;
				CLANG_ENABLE_OBJC_ARC = YES;
				CLANG_WARN_BOOL_CONVERSION = YES;
				CLANG_WARN_CONSTANT_CONVERSION = YES;
				CLANG_WARN_DIRECT_OBJC_ISA_USAGE = YES_ERROR;
				CLANG_WARN_EMPTY_BODY = YES;
				CLANG_WARN_ENUM_CONVERSION = YES;
				CLANG_WARN_INT_CONVERSION = YES;
				CLANG_WARN_OBJC_ROOT_CLASS = YES_ERROR;
				CLANG_WARN__DUPLICATE_METHOD_MATCH = YES;
				"CODE_SIGN_IDENTITY[sdk=iphoneos*]" = "iPhone Developer";
				COPY_PHASE_STRIP = YES;
				ENABLE_NS_ASSERTIONS = NO;
				GCC_C_LANGUAGE_STANDARD = gnu99;
				GCC_WARN_64_TO_32_BIT_CONVERSION = YES;
				GCC_WARN_ABOUT_RETURN_TYPE = YES_ERROR;
				GCC_WARN_UNDECLARED_SELECTOR = YES;
				GCC_WARN_UNINITIALIZED_AUTOS = YES_AGGRESSIVE;
				GCC_WARN_UNUSED_FUNCTION = YES;
				GCC_WARN_UNUSED_VARIABLE = YES;
				IPHONEOS_DEPLOYMENT_TARGET = 7.1;
				SDKROOT = iphoneos;
				TARGETED_DEVICE_FAMILY = "1,2";
				VALIDATE_PRODUCT = YES;
			};
			name = Release;
		};
		BE0521A81942A6AE00BDC1E5 /* Debug */ = {
			isa = XCBuildConfiguration;
			buildSettings = {
				ASSETCATALOG_COMPILER_APPICON_NAME = AppIcon;
				ASSETCATALOG_COMPILER_LAUNCHIMAGE_NAME = LaunchImage;
				GCC_PRECOMPILE_PREFIX_HEADER = YES;
				GCC_PREFIX_HEADER = "SampleTab/SampleTab-Prefix.pch";
				INFOPLIST_FILE = "SampleTab/SampleTab-Info.plist";
				PRODUCT_NAME = "$(TARGET_NAME)";
				WRAPPER_EXTENSION = app;
			};
			name = Debug;
		};
		BE0521A91942A6AE00BDC1E5 /* Release */ = {
			isa = XCBuildConfiguration;
			buildSettings = {
				ASSETCATALOG_COMPILER_APPICON_NAME = AppIcon;
				ASSETCATALOG_COMPILER_LAUNCHIMAGE_NAME = LaunchImage;
				GCC_PRECOMPILE_PREFIX_HEADER = YES;
				GCC_PREFIX_HEADER = "SampleTab/SampleTab-Prefix.pch";
				INFOPLIST_FILE = "SampleTab/SampleTab-Info.plist";
				PRODUCT_NAME = "$(TARGET_NAME)";
				WRAPPER_EXTENSION = app;
			};
			name = Release;
		};
		BE0521AB1942A6AE00BDC1E5 /* Debug */ = {
			isa = XCBuildConfiguration;
			buildSettings = {
				BUNDLE_LOADER = "$(BUILT_PRODUCTS_DIR)/SampleTab.app/SampleTab";
				FRAMEWORK_SEARCH_PATHS = (
					"$(SDKROOT)/Developer/Library/Frameworks",
					"$(inherited)",
					"$(DEVELOPER_FRAMEWORKS_DIR)",
				);
				GCC_PRECOMPILE_PREFIX_HEADER = YES;
				GCC_PREFIX_HEADER = "SampleTab/SampleTab-Prefix.pch";
				GCC_PREPROCESSOR_DEFINITIONS = (
					"DEBUG=1",
					"$(inherited)",
				);
				INFOPLIST_FILE = "SampleTabTests/SampleTabTests-Info.plist";
				PRODUCT_NAME = "$(TARGET_NAME)";
				TEST_HOST = "$(BUNDLE_LOADER)";
				WRAPPER_EXTENSION = xctest;
			};
			name = Debug;
		};
		BE0521AC1942A6AE00BDC1E5 /* Release */ = {
			isa = XCBuildConfiguration;
			buildSettings = {
				BUNDLE_LOADER = "$(BUILT_PRODUCTS_DIR)/SampleTab.app/SampleTab";
				FRAMEWORK_SEARCH_PATHS = (
					"$(SDKROOT)/Developer/Library/Frameworks",
					"$(inherited)",
					"$(DEVELOPER_FRAMEWORKS_DIR)",
				);
				GCC_PRECOMPILE_PREFIX_HEADER = YES;
				GCC_PREFIX_HEADER = "SampleTab/SampleTab-Prefix.pch";
				INFOPLIST_FILE = "SampleTabTests/SampleTabTests-Info.plist";
				PRODUCT_NAME = "$(TARGET_NAME)";
				TEST_HOST = "$(BUNDLE_LOADER)";
				WRAPPER_EXTENSION = xctest;
			};
			name = Release;
		};
/* End XCBuildConfiguration section */

/* Begin XCConfigurationList section */
		BE05216A1942A6AE00BDC1E5 /* Build configuration list for PBXProject "SampleTab" */ = {
			isa = XCConfigurationList;
			buildConfigurations = (
				BE0521A51942A6AE00BDC1E5 /* Debug */,
				BE0521A61942A6AE00BDC1E5 /* Release */,
			);
			defaultConfigurationIsVisible = 0;
			defaultConfigurationName = Release;
		};
		BE0521A71942A6AE00BDC1E5 /* Build configuration list for PBXNativeTarget "SampleTab" */ = {
			isa = XCConfigurationList;
			buildConfigurations = (
				BE0521A81942A6AE00BDC1E5 /* Debug */,
				BE0521A91942A6AE00BDC1E5 /* Release */,
			);
			defaultConfigurationIsVisible = 0;
		};
		BE0521AA1942A6AE00BDC1E5 /* Build configuration list for PBXNativeTarget "SampleTabTests" */ = {
			isa = XCConfigurationList;
			buildConfigurations = (
				BE0521AB1942A6AE00BDC1E5 /* Debug */,
				BE0521AC1942A6AE00BDC1E5 /* Release */,
			);
			defaultConfigurationIsVisible = 0;
		};
/* End XCConfigurationList section */
	};
	rootObject = BE0521671942A6AE00BDC1E5 /* Project object */;
}
